// !$*UTF8*$!
{
	archiveVersion = 1;
	classes = {
	};
	objectVersion = 50;
	objects = {

/* Begin PBXBuildFile section */
		031206E725B5A17D00120B72 /* AppDelegate.m in Sources */ = {isa = PBXBuildFile; fileRef = 031206E625B5A17D00120B72 /* AppDelegate.m */; };
		031206EA25B5A17D00120B72 /* SceneDelegate.m in Sources */ = {isa = PBXBuildFile; fileRef = 031206E925B5A17D00120B72 /* SceneDelegate.m */; };
		031206ED25B5A17D00120B72 /* ViewController.m in Sources */ = {isa = PBXBuildFile; fileRef = 031206EC25B5A17D00120B72 /* ViewController.m */; };
		031206F025B5A17D00120B72 /* Main.storyboard in Resources */ = {isa = PBXBuildFile; fileRef = 031206EE25B5A17D00120B72 /* Main.storyboard */; };
		031206F225B5A18000120B72 /* Assets.xcassets in Resources */ = {isa = PBXBuildFile; fileRef = 031206F125B5A18000120B72 /* Assets.xcassets */; };
		031206F525B5A18000120B72 /* LaunchScreen.storyboard in Resources */ = {isa = PBXBuildFile; fileRef = 031206F325B5A18000120B72 /* LaunchScreen.storyboard */; };
		031206F825B5A18000120B72 /* main.m in Sources */ = {isa = PBXBuildFile; fileRef = 031206F725B5A18000120B72 /* main.m */; };
		0312070225B5A18000120B72 /* testKVCTests.m in Sources */ = {isa = PBXBuildFile; fileRef = 0312070125B5A18000120B72 /* testKVCTests.m */; };
		0312070D25B5A18000120B72 /* testKVCUITests.m in Sources */ = {isa = PBXBuildFile; fileRef = 0312070C25B5A18000120B72 /* testKVCUITests.m */; };
		0312071F25B5A19700120B72 /* Person.m in Sources */ = {isa = PBXBuildFile; fileRef = 0312071E25B5A19700120B72 /* Person.m */; };
		0312072525B5A1B000120B72 /* Person+Private.m in Sources */ = {isa = PBXBuildFile; fileRef = 0312072425B5A1B000120B72 /* Person+Private.m */; };
/* End PBXBuildFile section */

/* Begin PBXContainerItemProxy section */
		031206FE25B5A18000120B72 /* PBXContainerItemProxy */ = {
			isa = PBXContainerItemProxy;
			containerPortal = 031206DA25B5A17D00120B72 /* Project object */;
			proxyType = 1;
			remoteGlobalIDString = 031206E125B5A17D00120B72;
			remoteInfo = testKVC;
		};
		0312070925B5A18000120B72 /* PBXContainerItemProxy */ = {
			isa = PBXContainerItemProxy;
			containerPortal = 031206DA25B5A17D00120B72 /* Project object */;
			proxyType = 1;
			remoteGlobalIDString = 031206E125B5A17D00120B72;
			remoteInfo = testKVC;
		};
/* End PBXContainerItemProxy section */

/* Begin PBXFileReference section */
		031206E225B5A17D00120B72 /* testKVC.app */ = {isa = PBXFileReference; explicitFileType = wrapper.application; includeInIndex = 0; path = testKVC.app; sourceTree = BUILT_PRODUCTS_DIR; };
		031206E525B5A17D00120B72 /* AppDelegate.h */ = {isa = PBXFileReference; lastKnownFileType = sourcecode.c.h; path = AppDelegate.h; sourceTree = "<group>"; };
		031206E625B5A17D00120B72 /* AppDelegate.m */ = {isa = PBXFileReference; lastKnownFileType = sourcecode.c.objc; path = AppDelegate.m; sourceTree = "<group>"; };
		031206E825B5A17D00120B72 /* SceneDelegate.h */ = {isa = PBXFileReference; lastKnownFileType = sourcecode.c.h; path = SceneDelegate.h; sourceTree = "<group>"; };
		031206E925B5A17D00120B72 /* SceneDelegate.m */ = {isa = PBXFileReference; lastKnownFileType = sourcecode.c.objc; path = SceneDelegate.m; sourceTree = "<group>"; };
		031206EB25B5A17D00120B72 /* ViewController.h */ = {isa = PBXFileReference; lastKnownFileType = sourcecode.c.h; path = ViewController.h; sourceTree = "<group>"; };
		031206EC25B5A17D00120B72 /* ViewController.m */ = {isa = PBXFileReference; lastKnownFileType = sourcecode.c.objc; path = ViewController.m; sourceTree = "<group>"; };
		031206EF25B5A17D00120B72 /* Base */ = {isa = PBXFileReference; lastKnownFileType = file.storyboard; name = Base; path = Base.lproj/Main.storyboard; sourceTree = "<group>"; };
		031206F125B5A18000120B72 /* Assets.xcassets */ = {isa = PBXFileReference; lastKnownFileType = folder.assetcatalog; path = Assets.xcassets; sourceTree = "<group>"; };
		031206F425B5A18000120B72 /* Base */ = {isa = PBXFileReference; lastKnownFileType = file.storyboard; name = Base; path = Base.lproj/LaunchScreen.storyboard; sourceTree = "<group>"; };
		031206F625B5A18000120B72 /* Info.plist */ = {isa = PBXFileReference; lastKnownFileType = text.plist.xml; path = Info.plist; sourceTree = "<group>"; };
		031206F725B5A18000120B72 /* main.m */ = {isa = PBXFileReference; lastKnownFileType = sourcecode.c.objc; path = main.m; sourceTree = "<group>"; };
		031206FD25B5A18000120B72 /* testKVCTests.xctest */ = {isa = PBXFileReference; explicitFileType = wrapper.cfbundle; includeInIndex = 0; path = testKVCTests.xctest; sourceTree = BUILT_PRODUCTS_DIR; };
		0312070125B5A18000120B72 /* testKVCTests.m */ = {isa = PBXFileReference; lastKnownFileType = sourcecode.c.objc; path = testKVCTests.m; sourceTree = "<group>"; };
		0312070325B5A18000120B72 /* Info.plist */ = {isa = PBXFileReference; lastKnownFileType = text.plist.xml; path = Info.plist; sourceTree = "<group>"; };
		0312070825B5A18000120B72 /* testKVCUITests.xctest */ = {isa = PBXFileReference; explicitFileType = wrapper.cfbundle; includeInIndex = 0; path = testKVCUITests.xctest; sourceTree = BUILT_PRODUCTS_DIR; };
		0312070C25B5A18000120B72 /* testKVCUITests.m */ = {isa = PBXFileReference; lastKnownFileType = sourcecode.c.objc; path = testKVCUITests.m; sourceTree = "<group>"; };
		0312070E25B5A18000120B72 /* Info.plist */ = {isa = PBXFileReference; lastKnownFileType = text.plist.xml; path = Info.plist; sourceTree = "<group>"; };
		0312071D25B5A19700120B72 /* Person.h */ = {isa = PBXFileReference; lastKnownFileType = sourcecode.c.h; path = Person.h; sourceTree = "<group>"; };
		0312071E25B5A19700120B72 /* Person.m */ = {isa = PBXFileReference; lastKnownFileType = sourcecode.c.objc; path = Person.m; sourceTree = "<group>"; };
		0312072325B5A1B000120B72 /* Person+Private.h */ = {isa = PBXFileReference; lastKnownFileType = sourcecode.c.h; path = "Person+Private.h"; sourceTree = "<group>"; };
		0312072425B5A1B000120B72 /* Person+Private.m */ = {isa = PBXFileReference; lastKnownFileType = sourcecode.c.objc; path = "Person+Private.m"; sourceTree = "<group>"; };
/* End PBXFileReference section */

/* Begin PBXFrameworksBuildPhase section */
		031206DF25B5A17D00120B72 /* Frameworks */ = {
			isa = PBXFrameworksBuildPhase;
			buildActionMask = 2147483647;
			files = (
			);
			runOnlyForDeploymentPostprocessing = 0;
		};
		031206FA25B5A18000120B72 /* Frameworks */ = {
			isa = PBXFrameworksBuildPhase;
			buildActionMask = 2147483647;
			files = (
			);
			runOnlyForDeploymentPostprocessing = 0;
		};
		0312070525B5A18000120B72 /* Frameworks */ = {
			isa = PBXFrameworksBuildPhase;
			buildActionMask = 2147483647;
			files = (
			);
			runOnlyForDeploymentPostprocessing = 0;
		};
/* End PBXFrameworksBuildPhase section */

/* Begin PBXGroup section */
		031206D925B5A17D00120B72 = {
			isa = PBXGroup;
			children = (
				031206E425B5A17D00120B72 /* testKVC */,
				0312070025B5A18000120B72 /* testKVCTests */,
				0312070B25B5A18000120B72 /* testKVCUITests */,
				031206E325B5A17D00120B72 /* Products */,
			);
			sourceTree = "<group>";
		};
		031206E325B5A17D00120B72 /* Products */ = {
			isa = PBXGroup;
			children = (
				031206E225B5A17D00120B72 /* testKVC.app */,
				031206FD25B5A18000120B72 /* testKVCTests.xctest */,
				0312070825B5A18000120B72 /* testKVCUITests.xctest */,
			);
			name = Products;
			sourceTree = "<group>";
		};
		031206E425B5A17D00120B72 /* testKVC */ = {
			isa = PBXGroup;
			children = (
				031206E525B5A17D00120B72 /* AppDelegate.h */,
				031206E625B5A17D00120B72 /* AppDelegate.m */,
				031206E825B5A17D00120B72 /* SceneDelegate.h */,
				031206E925B5A17D00120B72 /* SceneDelegate.m */,
				031206EB25B5A17D00120B72 /* ViewController.h */,
				031206EC25B5A17D00120B72 /* ViewController.m */,
				031206EE25B5A17D00120B72 /* Main.storyboard */,
				031206F125B5A18000120B72 /* Assets.xcassets */,
				031206F325B5A18000120B72 /* LaunchScreen.storyboard */,
				031206F625B5A18000120B72 /* Info.plist */,
				031206F725B5A18000120B72 /* main.m */,
				0312071D25B5A19700120B72 /* Person.h */,
				0312071E25B5A19700120B72 /* Person.m */,
				0312072325B5A1B000120B72 /* Person+Private.h */,
				0312072425B5A1B000120B72 /* Person+Private.m */,
			);
			path = testKVC;
			sourceTree = "<group>";
		};
		0312070025B5A18000120B72 /* testKVCTests */ = {
			isa = PBXGroup;
			children = (
				0312070125B5A18000120B72 /* testKVCTests.m */,
				0312070325B5A18000120B72 /* Info.plist */,
			);
			path = testKVCTests;
			sourceTree = "<group>";
		};
		0312070B25B5A18000120B72 /* testKVCUITests */ = {
			isa = PBXGroup;
			children = (
				0312070C25B5A18000120B72 /* testKVCUITests.m */,
				0312070E25B5A18000120B72 /* Info.plist */,
			);
			path = testKVCUITests;
			sourceTree = "<group>";
		};
/* End PBXGroup section */

/* Begin PBXNativeTarget section */
		031206E125B5A17D00120B72 /* testKVC */ = {
			isa = PBXNativeTarget;
			buildConfigurationList = 0312071125B5A18000120B72 /* Build configuration list for PBXNativeTarget "testKVC" */;
			buildPhases = (
				031206DE25B5A17D00120B72 /* Sources */,
				031206DF25B5A17D00120B72 /* Frameworks */,
				031206E025B5A17D00120B72 /* Resources */,
			);
			buildRules = (
			);
			dependencies = (
			);
			name = testKVC;
			productName = testKVC;
			productReference = 031206E225B5A17D00120B72 /* testKVC.app */;
			productType = "com.apple.product-type.application";
		};
		031206FC25B5A18000120B72 /* testKVCTests */ = {
			isa = PBXNativeTarget;
			buildConfigurationList = 0312071425B5A18000120B72 /* Build configuration list for PBXNativeTarget "testKVCTests" */;
			buildPhases = (
				031206F925B5A18000120B72 /* Sources */,
				031206FA25B5A18000120B72 /* Frameworks */,
				031206FB25B5A18000120B72 /* Resources */,
			);
			buildRules = (
			);
			dependencies = (
				031206FF25B5A18000120B72 /* PBXTargetDependency */,
			);
			name = testKVCTests;
			productName = testKVCTests;
			productReference = 031206FD25B5A18000120B72 /* testKVCTests.xctest */;
			productType = "com.apple.product-type.bundle.unit-test";
		};
		0312070725B5A18000120B72 /* testKVCUITests */ = {
			isa = PBXNativeTarget;
			buildConfigurationList = 0312071725B5A18000120B72 /* Build configuration list for PBXNativeTarget "testKVCUITests" */;
			buildPhases = (
				0312070425B5A18000120B72 /* Sources */,
				0312070525B5A18000120B72 /* Frameworks */,
				0312070625B5A18000120B72 /* Resources */,
			);
			buildRules = (
			);
			dependencies = (
				0312070A25B5A18000120B72 /* PBXTargetDependency */,
			);
			name = testKVCUITests;
			productName = testKVCUITests;
			productReference = 0312070825B5A18000120B72 /* testKVCUITests.xctest */;
			productType = "com.apple.product-type.bundle.ui-testing";
		};
/* End PBXNativeTarget section */

/* Begin PBXProject section */
		031206DA25B5A17D00120B72 /* Project object */ = {
			isa = PBXProject;
			attributes = {
				LastUpgradeCheck = 1230;
				TargetAttributes = {
					031206E125B5A17D00120B72 = {
						CreatedOnToolsVersion = 12.3;
					};
					031206FC25B5A18000120B72 = {
						CreatedOnToolsVersion = 12.3;
						TestTargetID = 031206E125B5A17D00120B72;
					};
					0312070725B5A18000120B72 = {
						CreatedOnToolsVersion = 12.3;
						TestTargetID = 031206E125B5A17D00120B72;
					};
				};
			};
			buildConfigurationList = 031206DD25B5A17D00120B72 /* Build configuration list for PBXProject "testKVC" */;
			compatibilityVersion = "Xcode 9.3";
			developmentRegion = en;
			hasScannedForEncodings = 0;
			knownRegions = (
				en,
				Base,
			);
			mainGroup = 031206D925B5A17D00120B72;
			productRefGroup = 031206E325B5A17D00120B72 /* Products */;
			projectDirPath = "";
			projectRoot = "";
			targets = (
				031206E125B5A17D00120B72 /* testKVC */,
				031206FC25B5A18000120B72 /* testKVCTests */,
				0312070725B5A18000120B72 /* testKVCUITests */,
			);
		};
/* End PBXProject section */

/* Begin PBXResourcesBuildPhase section */
		031206E025B5A17D00120B72 /* Resources */ = {
			isa = PBXResourcesBuildPhase;
			buildActionMask = 2147483647;
			files = (
				031206F525B5A18000120B72 /* LaunchScreen.storyboard in Resources */,
				031206F225B5A18000120B72 /* Assets.xcassets in Resources */,
				031206F025B5A17D00120B72 /* Main.storyboard in Resources */,
			);
			runOnlyForDeploymentPostprocessing = 0;
		};
		031206FB25B5A18000120B72 /* Resources */ = {
			isa = PBXResourcesBuildPhase;
			buildActionMask = 2147483647;
			files = (
			);
			runOnlyForDeploymentPostprocessing = 0;
		};
		0312070625B5A18000120B72 /* Resources */ = {
			isa = PBXResourcesBuildPhase;
			buildActionMask = 2147483647;
			files = (
			);
			runOnlyForDeploymentPostprocessing = 0;
		};
/* End PBXResourcesBuildPhase section */

/* Begin PBXSourcesBuildPhase section */
		031206DE25B5A17D00120B72 /* Sources */ = {
			isa = PBXSourcesBuildPhase;
			buildActionMask = 2147483647;
			files = (
				031206ED25B5A17D00120B72 /* ViewController.m in Sources */,
				031206E725B5A17D00120B72 /* AppDelegate.m in Sources */,
				0312071F25B5A19700120B72 /* Person.m in Sources */,
				031206F825B5A18000120B72 /* main.m in Sources */,
				0312072525B5A1B000120B72 /* Person+Private.m in Sources */,
				031206EA25B5A17D00120B72 /* SceneDelegate.m in Sources */,
			);
			runOnlyForDeploymentPostprocessing = 0;
		};
		031206F925B5A18000120B72 /* Sources */ = {
			isa = PBXSourcesBuildPhase;
			buildActionMask = 2147483647;
			files = (
				0312070225B5A18000120B72 /* testKVCTests.m in Sources */,
			);
			runOnlyForDeploymentPostprocessing = 0;
		};
		0312070425B5A18000120B72 /* Sources */ = {
			isa = PBXSourcesBuildPhase;
			buildActionMask = 2147483647;
			files = (
				0312070D25B5A18000120B72 /* testKVCUITests.m in Sources */,
			);
			runOnlyForDeploymentPostprocessing = 0;
		};
/* End PBXSourcesBuildPhase section */

/* Begin PBXTargetDependency section */
		031206FF25B5A18000120B72 /* PBXTargetDependency */ = {
			isa = PBXTargetDependency;
			target = 031206E125B5A17D00120B72 /* testKVC */;
			targetProxy = 031206FE25B5A18000120B72 /* PBXContainerItemProxy */;
		};
		0312070A25B5A18000120B72 /* PBXTargetDependency */ = {
			isa = PBXTargetDependency;
			target = 031206E125B5A17D00120B72 /* testKVC */;
			targetProxy = 0312070925B5A18000120B72 /* PBXContainerItemProxy */;
		};
/* End PBXTargetDependency section */

/* Begin PBXVariantGroup section */
		031206EE25B5A17D00120B72 /* Main.storyboard */ = {
			isa = PBXVariantGroup;
			children = (
				031206EF25B5A17D00120B72 /* Base */,
			);
			name = Main.storyboard;
			sourceTree = "<group>";
		};
		031206F325B5A18000120B72 /* LaunchScreen.storyboard */ = {
			isa = PBXVariantGroup;
			children = (
				031206F425B5A18000120B72 /* Base */,
			);
			name = LaunchScreen.storyboard;
			sourceTree = "<group>";
		};
/* End PBXVariantGroup section */

/* Begin XCBuildConfiguration section */
		0312070F25B5A18000120B72 /* Debug */ = {
			isa = XCBuildConfiguration;
			buildSettings = {
				ALWAYS_SEARCH_USER_PATHS = NO;
				CLANG_ANALYZER_NONNULL = YES;
				CLANG_ANALYZER_NUMBER_OBJECT_CONVERSION = YES_AGGRESSIVE;
				CLANG_CXX_LANGUAGE_STANDARD = "gnu++14";
				CLANG_CXX_LIBRARY = "libc++";
				CLANG_ENABLE_MODULES = YES;
				CLANG_ENABLE_OBJC_ARC = YES;
				CLANG_ENABLE_OBJC_WEAK = YES;
				CLANG_WARN_BLOCK_CAPTURE_AUTORELEASING = YES;
				CLANG_WARN_BOOL_CONVERSION = YES;
				CLANG_WARN_COMMA = YES;
				CLANG_WARN_CONSTANT_CONVERSION = YES;
				CLANG_WARN_DEPRECATED_OBJC_IMPLEMENTATIONS = YES;
				CLANG_WARN_DIRECT_OBJC_ISA_USAGE = YES_ERROR;
				CLANG_WARN_DOCUMENTATION_COMMENTS = YES;
				CLANG_WARN_EMPTY_BODY = YES;
				CLANG_WARN_ENUM_CONVERSION = YES;
				CLANG_WARN_INFINITE_RECURSION = YES;
				CLANG_WARN_INT_CONVERSION = YES;
				CLANG_WARN_NON_LITERAL_NULL_CONVERSION = YES;
				CLANG_WARN_OBJC_IMPLICIT_RETAIN_SELF = YES;
				CLANG_WARN_OBJC_LITERAL_CONVERSION = YES;
				CLANG_WARN_OBJC_ROOT_CLASS = YES_ERROR;
				CLANG_WARN_QUOTED_INCLUDE_IN_FRAMEWORK_HEADER = YES;
				CLANG_WARN_RANGE_LOOP_ANALYSIS = YES;
				CLANG_WARN_STRICT_PROTOTYPES = YES;
				CLANG_WARN_SUSPICIOUS_MOVE = YES;
				CLANG_WARN_UNGUARDED_AVAILABILITY = YES_AGGRESSIVE;
				CLANG_WARN_UNREACHABLE_CODE = YES;
				CLANG_WARN__DUPLICATE_METHOD_MATCH = YES;
				COPY_PHASE_STRIP = NO;
				DEBUG_INFORMATION_FORMAT = dwarf;
				ENABLE_STRICT_OBJC_MSGSEND = YES;
				ENABLE_TESTABILITY = YES;
				GCC_C_LANGUAGE_STANDARD = gnu11;
				GCC_DYNAMIC_NO_PIC = NO;
				GCC_NO_COMMON_BLOCKS = YES;
				GCC_OPTIMIZATION_LEVEL = 0;
				GCC_PREPROCESSOR_DEFINITIONS = (
					"DEBUG=1",
					"$(inherited)",
				);
				GCC_WARN_64_TO_32_BIT_CONVERSION = YES;
				GCC_WARN_ABOUT_RETURN_TYPE = YES_ERROR;
				GCC_WARN_UNDECLARED_SELECTOR = YES;
				GCC_WARN_UNINITIALIZED_AUTOS = YES_AGGRESSIVE;
				GCC_WARN_UNUSED_FUNCTION = YES;
				GCC_WARN_UNUSED_VARIABLE = YES;
				IPHONEOS_DEPLOYMENT_TARGET = 14.3;
				MTL_ENABLE_DEBUG_INFO = INCLUDE_SOURCE;
				MTL_FAST_MATH = YES;
				ONLY_ACTIVE_ARCH = YES;
				SDKROOT = iphoneos;
			};
			name = Debug;
		};
		0312071025B5A18000120B72 /* Release */ = {
			isa = XCBuildConfiguration;
			buildSettings = {
				ALWAYS_SEARCH_USER_PATHS = NO;
				CLANG_ANALYZER_NONNULL = YES;
				CLANG_ANALYZER_NUMBER_OBJECT_CONVERSION = YES_AGGRESSIVE;
				CLANG_CXX_LANGUAGE_STANDARD = "gnu++14";
				CLANG_CXX_LIBRARY = "libc++";
				CLANG_ENABLE_MODULES = YES;
				CLANG_ENABLE_OBJC_ARC = YES;
				CLANG_ENABLE_OBJC_WEAK = YES;
				CLANG_WARN_BLOCK_CAPTURE_AUTORELEASING = YES;
				CLANG_WARN_BOOL_CONVERSION = YES;
				CLANG_WARN_COMMA = YES;
				CLANG_WARN_CONSTANT_CONVERSION = YES;
				CLANG_WARN_DEPRECATED_OBJC_IMPLEMENTATIONS = YES;
				CLANG_WARN_DIRECT_OBJC_ISA_USAGE = YES_ERROR;
				CLANG_WARN_DOCUMENTATION_COMMENTS = YES;
				CLANG_WARN_EMPTY_BODY = YES;
				CLANG_WARN_ENUM_CONVERSION = YES;
				CLANG_WARN_INFINITE_RECURSION = YES;
				CLANG_WARN_INT_CONVERSION = YES;
				CLANG_WARN_NON_LITERAL_NULL_CONVERSION = YES;
				CLANG_WARN_OBJC_IMPLICIT_RETAIN_SELF = YES;
				CLANG_WARN_OBJC_LITERAL_CONVERSION = YES;
				CLANG_WARN_OBJC_ROOT_CLASS = YES_ERROR;
				CLANG_WARN_QUOTED_INCLUDE_IN_FRAMEWORK_HEADER = YES;
				CLANG_WARN_RANGE_LOOP_ANALYSIS = YES;
				CLANG_WARN_STRICT_PROTOTYPES = YES;
				CLANG_WARN_SUSPICIOUS_MOVE = YES;
				CLANG_WARN_UNGUARDED_AVAILABILITY = YES_AGGRESSIVE;
				CLANG_WARN_UNREACHABLE_CODE = YES;
				CLANG_WARN__DUPLICATE_METHOD_MATCH = YES;
				COPY_PHASE_STRIP = NO;
				DEBUG_INFORMATION_FORMAT = "dwarf-with-dsym";
				ENABLE_NS_ASSERTIONS = NO;
				ENABLE_STRICT_OBJC_MSGSEND = YES;
				GCC_C_LANGUAGE_STANDARD = gnu11;
				GCC_NO_COMMON_BLOCKS = YES;
				GCC_WARN_64_TO_32_BIT_CONVERSION = YES;
				GCC_WARN_ABOUT_RETURN_TYPE = YES_ERROR;
				GCC_WARN_UNDECLARED_SELECTOR = YES;
				GCC_WARN_UNINITIALIZED_AUTOS = YES_AGGRESSIVE;
				GCC_WARN_UNUSED_FUNCTION = YES;
				GCC_WARN_UNUSED_VARIABLE = YES;
				IPHONEOS_DEPLOYMENT_TARGET = 14.3;
				MTL_ENABLE_DEBUG_INFO = NO;
				MTL_FAST_MATH = YES;
				SDKROOT = iphoneos;
				VALIDATE_PRODUCT = YES;
			};
			name = Release;
		};
		0312071225B5A18000120B72 /* Debug */ = {
			isa = XCBuildConfiguration;
			buildSettings = {
				ASSETCATALOG_COMPILER_APPICON_NAME = AppIcon;
				ASSETCATALOG_COMPILER_GLOBAL_ACCENT_COLOR_NAME = AccentColor;
				CODE_SIGN_IDENTITY = "iPhone Developer";
				CODE_SIGN_STYLE = Manual;
				DEVELOPMENT_TEAM = P58TLQHH32;
				INFOPLIST_FILE = testKVC/Info.plist;
				LD_RUNPATH_SEARCH_PATHS = (
					"$(inherited)",
					"@executable_path/Frameworks",
				);
				PRODUCT_BUNDLE_IDENTIFIER = Tencent.testKVC;
				PRODUCT_NAME = "$(TARGET_NAME)";
				PROVISIONING_PROFILE_SPECIFIER = tnk_debugging;
				TARGETED_DEVICE_FAMILY = "1,2";
			};
			name = Debug;
		};
		0312071325B5A18000120B72 /* Release */ = {
			isa = XCBuildConfiguration;
			buildSettings = {
				ASSETCATALOG_COMPILER_APPICON_NAME = AppIcon;
				ASSETCATALOG_COMPILER_GLOBAL_ACCENT_COLOR_NAME = AccentColor;
				CODE_SIGN_IDENTITY = "iPhone Developer";
				CODE_SIGN_STYLE = Manual;
				DEVELOPMENT_TEAM = P58TLQHH32;
				INFOPLIST_FILE = testKVC/Info.plist;
				LD_RUNPATH_SEARCH_PATHS = (
					"$(inherited)",
					"@executable_path/Frameworks",
				);
				PRODUCT_BUNDLE_IDENTIFIER = Tencent.testKVC;
				PRODUCT_NAME = "$(TARGET_NAME)";
				PROVISIONING_PROFILE_SPECIFIER = tnk_debugging;
				TARGETED_DEVICE_FAMILY = "1,2";
			};
			name = Release;
		};
		0312071525B5A18000120B72 /* Debug */ = {
			isa = XCBuildConfiguration;
			buildSettings = {
				BUNDLE_LOADER = "$(TEST_HOST)";
				CODE_SIGN_STYLE = Automatic;
				INFOPLIST_FILE = testKVCTests/Info.plist;
				IPHONEOS_DEPLOYMENT_TARGET = 14.3;
				LD_RUNPATH_SEARCH_PATHS = (
					"$(inherited)",
					"@executable_path/Frameworks",
					"@loader_path/Frameworks",
				);
				PRODUCT_BUNDLE_IDENTIFIER = Tencent.testKVCTests;
				PRODUCT_NAME = "$(TARGET_NAME)";
				TARGETED_DEVICE_FAMILY = "1,2";
				TEST_HOST = "$(BUILT_PRODUCTS_DIR)/testKVC.app/testKVC";
			};
			name = Debug;
		};
		0312071625B5A18000120B72 /* Release */ = {
			isa = XCBuildConfiguration;
			buildSettings = {
				BUNDLE_LOADER = "$(TEST_HOST)";
				CODE_SIGN_STYLE = Automatic;
				INFOPLIST_FILE = testKVCTests/Info.plist;
				IPHONEOS_DEPLOYMENT_TARGET = 14.3;
				LD_RUNPATH_SEARCH_PATHS = (
					"$(inherited)",
					"@executable_path/Frameworks",
					"@loader_path/Frameworks",
				);
				PRODUCT_BUNDLE_IDENTIFIER = Tencent.testKVCTests;
				PRODUCT_NAME = "$(TARGET_NAME)";
				TARGETED_DEVICE_FAMILY = "1,2";
				TEST_HOST = "$(BUILT_PRODUCTS_DIR)/testKVC.app/testKVC";
			};
			name = Release;
		};
		0312071825B5A18000120B72 /* Debug */ = {
			isa = XCBuildConfiguration;
			buildSettings = {
				CODE_SIGN_STYLE = Automatic;
				INFOPLIST_FILE = testKVCUITests/Info.plist;
				LD_RUNPATH_SEARCH_PATHS = (
					"$(inherited)",
					"@executable_path/Frameworks",
					"@loader_path/Frameworks",
				);
				PRODUCT_BUNDLE_IDENTIFIER = Tencent.testKVCUITests;
				PRODUCT_NAME = "$(TARGET_NAME)";
				TARGETED_DEVICE_FAMILY = "1,2";
				TEST_TARGET_NAME = testKVC;
			};
			name = Debug;
		};
		0312071925B5A18000120B72 /* Release */ = {
			isa = XCBuildConfiguration;
			buildSettings = {
				CODE_SIGN_STYLE = Automatic;
				INFOPLIST_FILE = testKVCUITests/Info.plist;
				LD_RUNPATH_SEARCH_PATHS = (
					"$(inherited)",
					"@executable_path/Frameworks",
					"@loader_path/Frameworks",
				);
				PRODUCT_BUNDLE_IDENTIFIER = Tencent.testKVCUITests;
				PRODUCT_NAME = "$(TARGET_NAME)";
				TARGETED_DEVICE_FAMILY = "1,2";
				TEST_TARGET_NAME = testKVC;
			};
			name = Release;
		};
/* End XCBuildConfiguration section */

/* Begin XCConfigurationList section */
		031206DD25B5A17D00120B72 /* Build configuration list for PBXProject "testKVC" */ = {
			isa = XCConfigurationList;
			buildConfigurations = (
				0312070F25B5A18000120B72 /* Debug */,
				0312071025B5A18000120B72 /* Release */,
			);
			defaultConfigurationIsVisible = 0;
			defaultConfigurationName = Release;
		};
		0312071125B5A18000120B72 /* Build configuration list for PBXNativeTarget "testKVC" */ = {
			isa = XCConfigurationList;
			buildConfigurations = (
				0312071225B5A18000120B72 /* Debug */,
				0312071325B5A18000120B72 /* Release */,
			);
			defaultConfigurationIsVisible = 0;
			defaultConfigurationName = Release;
		};
		0312071425B5A18000120B72 /* Build configuration list for PBXNativeTarget "testKVCTests" */ = {
			isa = XCConfigurationList;
			buildConfigurations = (
				0312071525B5A18000120B72 /* Debug */,
				0312071625B5A18000120B72 /* Release */,
			);
			defaultConfigurationIsVisible = 0;
			defaultConfigurationName = Release;
		};
		0312071725B5A18000120B72 /* Build configuration list for PBXNativeTarget "testKVCUITests" */ = {
			isa = XCConfigurationList;
			buildConfigurations = (
				0312071825B5A18000120B72 /* Debug */,
				0312071925B5A18000120B72 /* Release */,
			);
			defaultConfigurationIsVisible = 0;
			defaultConfigurationName = Release;
		};
/* End XCConfigurationList section */
	};
	rootObject = 031206DA25B5A17D00120B72 /* Project object */;
}
