// !$*UTF8*$!
{
	archiveVersion = 1;
	classes = {
	};
	objectVersion = 50;
	objects = {

/* Begin PBXBuildFile section */
		033DBFBB25D7A8DB00438FAB /* AppDelegate.m in Sources */ = {isa = PBXBuildFile; fileRef = 033DBFBA25D7A8DB00438FAB /* AppDelegate.m */; };
		033DBFBE25D7A8DB00438FAB /* SceneDelegate.m in Sources */ = {isa = PBXBuildFile; fileRef = 033DBFBD25D7A8DB00438FAB /* SceneDelegate.m */; };
		033DBFC125D7A8DB00438FAB /* ViewController.m in Sources */ = {isa = PBXBuildFile; fileRef = 033DBFC025D7A8DB00438FAB /* ViewController.m */; };
		033DBFC425D7A8DB00438FAB /* Main.storyboard in Resources */ = {isa = PBXBuildFile; fileRef = 033DBFC225D7A8DB00438FAB /* Main.storyboard */; };
		033DBFC625D7A8DD00438FAB /* Assets.xcassets in Resources */ = {isa = PBXBuildFile; fileRef = 033DBFC525D7A8DD00438FAB /* Assets.xcassets */; };
		033DBFC925D7A8DD00438FAB /* LaunchScreen.storyboard in Resources */ = {isa = PBXBuildFile; fileRef = 033DBFC725D7A8DD00438FAB /* LaunchScreen.storyboard */; };
		033DBFCC25D7A8DD00438FAB /* main.m in Sources */ = {isa = PBXBuildFile; fileRef = 033DBFCB25D7A8DD00438FAB /* main.m */; };
		033DBFD625D7A8DD00438FAB /* testSDWebImageTests.m in Sources */ = {isa = PBXBuildFile; fileRef = 033DBFD525D7A8DD00438FAB /* testSDWebImageTests.m */; };
		033DBFE125D7A8DD00438FAB /* testSDWebImageUITests.m in Sources */ = {isa = PBXBuildFile; fileRef = 033DBFE025D7A8DD00438FAB /* testSDWebImageUITests.m */; };
		5F4F1D0000090BC7406846AE /* Pods_testSDWebImage.framework in Frameworks */ = {isa = PBXBuildFile; fileRef = 564C5E704D61C7F95950AD24 /* Pods_testSDWebImage.framework */; };
/* End PBXBuildFile section */

/* Begin PBXContainerItemProxy section */
		033DBFD225D7A8DD00438FAB /* PBXContainerItemProxy */ = {
			isa = PBXContainerItemProxy;
			containerPortal = 033DBFAE25D7A8DB00438FAB /* Project object */;
			proxyType = 1;
			remoteGlobalIDString = 033DBFB525D7A8DB00438FAB;
			remoteInfo = testSDWebImage;
		};
		033DBFDD25D7A8DD00438FAB /* PBXContainerItemProxy */ = {
			isa = PBXContainerItemProxy;
			containerPortal = 033DBFAE25D7A8DB00438FAB /* Project object */;
			proxyType = 1;
			remoteGlobalIDString = 033DBFB525D7A8DB00438FAB;
			remoteInfo = testSDWebImage;
		};
/* End PBXContainerItemProxy section */

/* Begin PBXFileReference section */
		033DBFB625D7A8DB00438FAB /* testSDWebImage.app */ = {isa = PBXFileReference; explicitFileType = wrapper.application; includeInIndex = 0; path = testSDWebImage.app; sourceTree = BUILT_PRODUCTS_DIR; };
		033DBFB925D7A8DB00438FAB /* AppDelegate.h */ = {isa = PBXFileReference; lastKnownFileType = sourcecode.c.h; path = AppDelegate.h; sourceTree = "<group>"; };
		033DBFBA25D7A8DB00438FAB /* AppDelegate.m */ = {isa = PBXFileReference; lastKnownFileType = sourcecode.c.objc; path = AppDelegate.m; sourceTree = "<group>"; };
		033DBFBC25D7A8DB00438FAB /* SceneDelegate.h */ = {isa = PBXFileReference; lastKnownFileType = sourcecode.c.h; path = SceneDelegate.h; sourceTree = "<group>"; };
		033DBFBD25D7A8DB00438FAB /* SceneDelegate.m */ = {isa = PBXFileReference; lastKnownFileType = sourcecode.c.objc; path = SceneDelegate.m; sourceTree = "<group>"; };
		033DBFBF25D7A8DB00438FAB /* ViewController.h */ = {isa = PBXFileReference; lastKnownFileType = sourcecode.c.h; path = ViewController.h; sourceTree = "<group>"; };
		033DBFC025D7A8DB00438FAB /* ViewController.m */ = {isa = PBXFileReference; lastKnownFileType = sourcecode.c.objc; path = ViewController.m; sourceTree = "<group>"; };
		033DBFC325D7A8DB00438FAB /* Base */ = {isa = PBXFileReference; lastKnownFileType = file.storyboard; name = Base; path = Base.lproj/Main.storyboard; sourceTree = "<group>"; };
		033DBFC525D7A8DD00438FAB /* Assets.xcassets */ = {isa = PBXFileReference; lastKnownFileType = folder.assetcatalog; path = Assets.xcassets; sourceTree = "<group>"; };
		033DBFC825D7A8DD00438FAB /* Base */ = {isa = PBXFileReference; lastKnownFileType = file.storyboard; name = Base; path = Base.lproj/LaunchScreen.storyboard; sourceTree = "<group>"; };
		033DBFCA25D7A8DD00438FAB /* Info.plist */ = {isa = PBXFileReference; lastKnownFileType = text.plist.xml; path = Info.plist; sourceTree = "<group>"; };
		033DBFCB25D7A8DD00438FAB /* main.m */ = {isa = PBXFileReference; lastKnownFileType = sourcecode.c.objc; path = main.m; sourceTree = "<group>"; };
		033DBFD125D7A8DD00438FAB /* testSDWebImageTests.xctest */ = {isa = PBXFileReference; explicitFileType = wrapper.cfbundle; includeInIndex = 0; path = testSDWebImageTests.xctest; sourceTree = BUILT_PRODUCTS_DIR; };
		033DBFD525D7A8DD00438FAB /* testSDWebImageTests.m */ = {isa = PBXFileReference; lastKnownFileType = sourcecode.c.objc; path = testSDWebImageTests.m; sourceTree = "<group>"; };
		033DBFD725D7A8DD00438FAB /* Info.plist */ = {isa = PBXFileReference; lastKnownFileType = text.plist.xml; path = Info.plist; sourceTree = "<group>"; };
		033DBFDC25D7A8DD00438FAB /* testSDWebImageUITests.xctest */ = {isa = PBXFileReference; explicitFileType = wrapper.cfbundle; includeInIndex = 0; path = testSDWebImageUITests.xctest; sourceTree = BUILT_PRODUCTS_DIR; };
		033DBFE025D7A8DD00438FAB /* testSDWebImageUITests.m */ = {isa = PBXFileReference; lastKnownFileType = sourcecode.c.objc; path = testSDWebImageUITests.m; sourceTree = "<group>"; };
		033DBFE225D7A8DD00438FAB /* Info.plist */ = {isa = PBXFileReference; lastKnownFileType = text.plist.xml; path = Info.plist; sourceTree = "<group>"; };
		564C5E704D61C7F95950AD24 /* Pods_testSDWebImage.framework */ = {isa = PBXFileReference; explicitFileType = wrapper.framework; includeInIndex = 0; path = Pods_testSDWebImage.framework; sourceTree = BUILT_PRODUCTS_DIR; };
		D31D9954FFCD258D8C2DB280 /* Pods-testSDWebImage.debug.xcconfig */ = {isa = PBXFileReference; includeInIndex = 1; lastKnownFileType = text.xcconfig; name = "Pods-testSDWebImage.debug.xcconfig"; path = "Target Support Files/Pods-testSDWebImage/Pods-testSDWebImage.debug.xcconfig"; sourceTree = "<group>"; };
		ED002FC9B9F57FE5CBA814A3 /* Pods-testSDWebImage.release.xcconfig */ = {isa = PBXFileReference; includeInIndex = 1; lastKnownFileType = text.xcconfig; name = "Pods-testSDWebImage.release.xcconfig"; path = "Target Support Files/Pods-testSDWebImage/Pods-testSDWebImage.release.xcconfig"; sourceTree = "<group>"; };
/* End PBXFileReference section */

/* Begin PBXFrameworksBuildPhase section */
		033DBFB325D7A8DB00438FAB /* Frameworks */ = {
			isa = PBXFrameworksBuildPhase;
			buildActionMask = 2147483647;
			files = (
				5F4F1D0000090BC7406846AE /* Pods_testSDWebImage.framework in Frameworks */,
			);
			runOnlyForDeploymentPostprocessing = 0;
		};
		033DBFCE25D7A8DD00438FAB /* Frameworks */ = {
			isa = PBXFrameworksBuildPhase;
			buildActionMask = 2147483647;
			files = (
			);
			runOnlyForDeploymentPostprocessing = 0;
		};
		033DBFD925D7A8DD00438FAB /* Frameworks */ = {
			isa = PBXFrameworksBuildPhase;
			buildActionMask = 2147483647;
			files = (
			);
			runOnlyForDeploymentPostprocessing = 0;
		};
/* End PBXFrameworksBuildPhase section */

/* Begin PBXGroup section */
		033DBFAD25D7A8DB00438FAB = {
			isa = PBXGroup;
			children = (
				033DBFB825D7A8DB00438FAB /* testSDWebImage */,
				033DBFD425D7A8DD00438FAB /* testSDWebImageTests */,
				033DBFDF25D7A8DD00438FAB /* testSDWebImageUITests */,
				033DBFB725D7A8DB00438FAB /* Products */,
				F21F65810BDB833438E00B3C /* Pods */,
				6CC61A07FDD264ABB889641A /* Frameworks */,
			);
			sourceTree = "<group>";
		};
		033DBFB725D7A8DB00438FAB /* Products */ = {
			isa = PBXGroup;
			children = (
				033DBFB625D7A8DB00438FAB /* testSDWebImage.app */,
				033DBFD125D7A8DD00438FAB /* testSDWebImageTests.xctest */,
				033DBFDC25D7A8DD00438FAB /* testSDWebImageUITests.xctest */,
			);
			name = Products;
			sourceTree = "<group>";
		};
		033DBFB825D7A8DB00438FAB /* testSDWebImage */ = {
			isa = PBXGroup;
			children = (
				033DBFB925D7A8DB00438FAB /* AppDelegate.h */,
				033DBFBA25D7A8DB00438FAB /* AppDelegate.m */,
				033DBFBC25D7A8DB00438FAB /* SceneDelegate.h */,
				033DBFBD25D7A8DB00438FAB /* SceneDelegate.m */,
				033DBFBF25D7A8DB00438FAB /* ViewController.h */,
				033DBFC025D7A8DB00438FAB /* ViewController.m */,
				033DBFC225D7A8DB00438FAB /* Main.storyboard */,
				033DBFC525D7A8DD00438FAB /* Assets.xcassets */,
				033DBFC725D7A8DD00438FAB /* LaunchScreen.storyboard */,
				033DBFCA25D7A8DD00438FAB /* Info.plist */,
				033DBFCB25D7A8DD00438FAB /* main.m */,
			);
			path = testSDWebImage;
			sourceTree = "<group>";
		};
		033DBFD425D7A8DD00438FAB /* testSDWebImageTests */ = {
			isa = PBXGroup;
			children = (
				033DBFD525D7A8DD00438FAB /* testSDWebImageTests.m */,
				033DBFD725D7A8DD00438FAB /* Info.plist */,
			);
			path = testSDWebImageTests;
			sourceTree = "<group>";
		};
		033DBFDF25D7A8DD00438FAB /* testSDWebImageUITests */ = {
			isa = PBXGroup;
			children = (
				033DBFE025D7A8DD00438FAB /* testSDWebImageUITests.m */,
				033DBFE225D7A8DD00438FAB /* Info.plist */,
			);
			path = testSDWebImageUITests;
			sourceTree = "<group>";
		};
		6CC61A07FDD264ABB889641A /* Frameworks */ = {
			isa = PBXGroup;
			children = (
				564C5E704D61C7F95950AD24 /* Pods_testSDWebImage.framework */,
			);
			name = Frameworks;
			sourceTree = "<group>";
		};
		F21F65810BDB833438E00B3C /* Pods */ = {
			isa = PBXGroup;
			children = (
				D31D9954FFCD258D8C2DB280 /* Pods-testSDWebImage.debug.xcconfig */,
				ED002FC9B9F57FE5CBA814A3 /* Pods-testSDWebImage.release.xcconfig */,
			);
			name = Pods;
			path = Pods;
			sourceTree = "<group>";
		};
/* End PBXGroup section */

/* Begin PBXNativeTarget section */
		033DBFB525D7A8DB00438FAB /* testSDWebImage */ = {
			isa = PBXNativeTarget;
			buildConfigurationList = 033DBFE525D7A8DD00438FAB /* Build configuration list for PBXNativeTarget "testSDWebImage" */;
			buildPhases = (
				A2107A71097078F77DCFD887 /* [CP] Check Pods Manifest.lock */,
				033DBFB225D7A8DB00438FAB /* Sources */,
				033DBFB325D7A8DB00438FAB /* Frameworks */,
				033DBFB425D7A8DB00438FAB /* Resources */,
				D8F1DA31E2A6C71A6876E6F8 /* [CP] Embed Pods Frameworks */,
			);
			buildRules = (
			);
			dependencies = (
			);
			name = testSDWebImage;
			productName = testSDWebImage;
			productReference = 033DBFB625D7A8DB00438FAB /* testSDWebImage.app */;
			productType = "com.apple.product-type.application";
		};
		033DBFD025D7A8DD00438FAB /* testSDWebImageTests */ = {
			isa = PBXNativeTarget;
			buildConfigurationList = 033DBFE825D7A8DD00438FAB /* Build configuration list for PBXNativeTarget "testSDWebImageTests" */;
			buildPhases = (
				033DBFCD25D7A8DD00438FAB /* Sources */,
				033DBFCE25D7A8DD00438FAB /* Frameworks */,
				033DBFCF25D7A8DD00438FAB /* Resources */,
			);
			buildRules = (
			);
			dependencies = (
				033DBFD325D7A8DD00438FAB /* PBXTargetDependency */,
			);
			name = testSDWebImageTests;
			productName = testSDWebImageTests;
			productReference = 033DBFD125D7A8DD00438FAB /* testSDWebImageTests.xctest */;
			productType = "com.apple.product-type.bundle.unit-test";
		};
		033DBFDB25D7A8DD00438FAB /* testSDWebImageUITests */ = {
			isa = PBXNativeTarget;
			buildConfigurationList = 033DBFEB25D7A8DD00438FAB /* Build configuration list for PBXNativeTarget "testSDWebImageUITests" */;
			buildPhases = (
				033DBFD825D7A8DD00438FAB /* Sources */,
				033DBFD925D7A8DD00438FAB /* Frameworks */,
				033DBFDA25D7A8DD00438FAB /* Resources */,
			);
			buildRules = (
			);
			dependencies = (
				033DBFDE25D7A8DD00438FAB /* PBXTargetDependency */,
			);
			name = testSDWebImageUITests;
			productName = testSDWebImageUITests;
			productReference = 033DBFDC25D7A8DD00438FAB /* testSDWebImageUITests.xctest */;
			productType = "com.apple.product-type.bundle.ui-testing";
		};
/* End PBXNativeTarget section */

/* Begin PBXProject section */
		033DBFAE25D7A8DB00438FAB /* Project object */ = {
			isa = PBXProject;
			attributes = {
				LastUpgradeCheck = 1240;
				TargetAttributes = {
					033DBFB525D7A8DB00438FAB = {
						CreatedOnToolsVersion = 12.4;
					};
					033DBFD025D7A8DD00438FAB = {
						CreatedOnToolsVersion = 12.4;
						TestTargetID = 033DBFB525D7A8DB00438FAB;
					};
					033DBFDB25D7A8DD00438FAB = {
						CreatedOnToolsVersion = 12.4;
						TestTargetID = 033DBFB525D7A8DB00438FAB;
					};
				};
			};
			buildConfigurationList = 033DBFB125D7A8DB00438FAB /* Build configuration list for PBXProject "testSDWebImage" */;
			compatibilityVersion = "Xcode 9.3";
			developmentRegion = en;
			hasScannedForEncodings = 0;
			knownRegions = (
				en,
				Base,
			);
			mainGroup = 033DBFAD25D7A8DB00438FAB;
			productRefGroup = 033DBFB725D7A8DB00438FAB /* Products */;
			projectDirPath = "";
			projectRoot = "";
			targets = (
				033DBFB525D7A8DB00438FAB /* testSDWebImage */,
				033DBFD025D7A8DD00438FAB /* testSDWebImageTests */,
				033DBFDB25D7A8DD00438FAB /* testSDWebImageUITests */,
			);
		};
/* End PBXProject section */

/* Begin PBXResourcesBuildPhase section */
		033DBFB425D7A8DB00438FAB /* Resources */ = {
			isa = PBXResourcesBuildPhase;
			buildActionMask = 2147483647;
			files = (
				033DBFC925D7A8DD00438FAB /* LaunchScreen.storyboard in Resources */,
				033DBFC625D7A8DD00438FAB /* Assets.xcassets in Resources */,
				033DBFC425D7A8DB00438FAB /* Main.storyboard in Resources */,
			);
			runOnlyForDeploymentPostprocessing = 0;
		};
		033DBFCF25D7A8DD00438FAB /* Resources */ = {
			isa = PBXResourcesBuildPhase;
			buildActionMask = 2147483647;
			files = (
			);
			runOnlyForDeploymentPostprocessing = 0;
		};
		033DBFDA25D7A8DD00438FAB /* Resources */ = {
			isa = PBXResourcesBuildPhase;
			buildActionMask = 2147483647;
			files = (
			);
			runOnlyForDeploymentPostprocessing = 0;
		};
/* End PBXResourcesBuildPhase section */

/* Begin PBXShellScriptBuildPhase section */
		A2107A71097078F77DCFD887 /* [CP] Check Pods Manifest.lock */ = {
			isa = PBXShellScriptBuildPhase;
			buildActionMask = 2147483647;
			files = (
			);
			inputFileListPaths = (
			);
			inputPaths = (
				"${PODS_PODFILE_DIR_PATH}/Podfile.lock",
				"${PODS_ROOT}/Manifest.lock",
			);
			name = "[CP] Check Pods Manifest.lock";
			outputFileListPaths = (
			);
			outputPaths = (
				"$(DERIVED_FILE_DIR)/Pods-testSDWebImage-checkManifestLockResult.txt",
			);
			runOnlyForDeploymentPostprocessing = 0;
			shellPath = /bin/sh;
			shellScript = "diff \"${PODS_PODFILE_DIR_PATH}/Podfile.lock\" \"${PODS_ROOT}/Manifest.lock\" > /dev/null\nif [ $? != 0 ] ; then\n    # print error to STDERR\n    echo \"error: The sandbox is not in sync with the Podfile.lock. Run 'pod install' or update your CocoaPods installation.\" >&2\n    exit 1\nfi\n# This output is used by Xcode 'outputs' to avoid re-running this script phase.\necho \"SUCCESS\" > \"${SCRIPT_OUTPUT_FILE_0}\"\n";
			showEnvVarsInLog = 0;
		};
		D8F1DA31E2A6C71A6876E6F8 /* [CP] Embed Pods Frameworks */ = {
			isa = PBXShellScriptBuildPhase;
			buildActionMask = 2147483647;
			files = (
			);
			inputFileListPaths = (
				"${PODS_ROOT}/Target Support Files/Pods-testSDWebImage/Pods-testSDWebImage-frameworks-${CONFIGURATION}-input-files.xcfilelist",
			);
			name = "[CP] Embed Pods Frameworks";
			outputFileListPaths = (
				"${PODS_ROOT}/Target Support Files/Pods-testSDWebImage/Pods-testSDWebImage-frameworks-${CONFIGURATION}-output-files.xcfilelist",
			);
			runOnlyForDeploymentPostprocessing = 0;
			shellPath = /bin/sh;
			shellScript = "\"${PODS_ROOT}/Target Support Files/Pods-testSDWebImage/Pods-testSDWebImage-frameworks.sh\"\n";
			showEnvVarsInLog = 0;
		};
/* End PBXShellScriptBuildPhase section */

/* Begin PBXSourcesBuildPhase section */
		033DBFB225D7A8DB00438FAB /* Sources */ = {
			isa = PBXSourcesBuildPhase;
			buildActionMask = 2147483647;
			files = (
				033DBFC125D7A8DB00438FAB /* ViewController.m in Sources */,
				033DBFBB25D7A8DB00438FAB /* AppDelegate.m in Sources */,
				033DBFCC25D7A8DD00438FAB /* main.m in Sources */,
				033DBFBE25D7A8DB00438FAB /* SceneDelegate.m in Sources */,
			);
			runOnlyForDeploymentPostprocessing = 0;
		};
		033DBFCD25D7A8DD00438FAB /* Sources */ = {
			isa = PBXSourcesBuildPhase;
			buildActionMask = 2147483647;
			files = (
				033DBFD625D7A8DD00438FAB /* testSDWebImageTests.m in Sources */,
			);
			runOnlyForDeploymentPostprocessing = 0;
		};
		033DBFD825D7A8DD00438FAB /* Sources */ = {
			isa = PBXSourcesBuildPhase;
			buildActionMask = 2147483647;
			files = (
				033DBFE125D7A8DD00438FAB /* testSDWebImageUITests.m in Sources */,
			);
			runOnlyForDeploymentPostprocessing = 0;
		};
/* End PBXSourcesBuildPhase section */

/* Begin PBXTargetDependency section */
		033DBFD325D7A8DD00438FAB /* PBXTargetDependency */ = {
			isa = PBXTargetDependency;
			target = 033DBFB525D7A8DB00438FAB /* testSDWebImage */;
			targetProxy = 033DBFD225D7A8DD00438FAB /* PBXContainerItemProxy */;
		};
		033DBFDE25D7A8DD00438FAB /* PBXTargetDependency */ = {
			isa = PBXTargetDependency;
			target = 033DBFB525D7A8DB00438FAB /* testSDWebImage */;
			targetProxy = 033DBFDD25D7A8DD00438FAB /* PBXContainerItemProxy */;
		};
/* End PBXTargetDependency section */

/* Begin PBXVariantGroup section */
		033DBFC225D7A8DB00438FAB /* Main.storyboard */ = {
			isa = PBXVariantGroup;
			children = (
				033DBFC325D7A8DB00438FAB /* Base */,
			);
			name = Main.storyboard;
			sourceTree = "<group>";
		};
		033DBFC725D7A8DD00438FAB /* LaunchScreen.storyboard */ = {
			isa = PBXVariantGroup;
			children = (
				033DBFC825D7A8DD00438FAB /* Base */,
			);
			name = LaunchScreen.storyboard;
			sourceTree = "<group>";
		};
/* End PBXVariantGroup section */

/* Begin XCBuildConfiguration section */
		033DBFE325D7A8DD00438FAB /* Debug */ = {
			isa = XCBuildConfiguration;
			buildSettings = {
				ALWAYS_SEARCH_USER_PATHS = NO;
				CLANG_ANALYZER_NONNULL = YES;
				CLANG_ANALYZER_NUMBER_OBJECT_CONVERSION = YES_AGGRESSIVE;
				CLANG_CXX_LANGUAGE_STANDARD = "gnu++14";
				CLANG_CXX_LIBRARY = "libc++";
				CLANG_ENABLE_MODULES = YES;
				CLANG_ENABLE_OBJC_ARC = YES;
				CLANG_ENABLE_OBJC_WEAK = YES;
				CLANG_WARN_BLOCK_CAPTURE_AUTORELEASING = YES;
				CLANG_WARN_BOOL_CONVERSION = YES;
				CLANG_WARN_COMMA = YES;
				CLANG_WARN_CONSTANT_CONVERSION = YES;
				CLANG_WARN_DEPRECATED_OBJC_IMPLEMENTATIONS = YES;
				CLANG_WARN_DIRECT_OBJC_ISA_USAGE = YES_ERROR;
				CLANG_WARN_DOCUMENTATION_COMMENTS = YES;
				CLANG_WARN_EMPTY_BODY = YES;
				CLANG_WARN_ENUM_CONVERSION = YES;
				CLANG_WARN_INFINITE_RECURSION = YES;
				CLANG_WARN_INT_CONVERSION = YES;
				CLANG_WARN_NON_LITERAL_NULL_CONVERSION = YES;
				CLANG_WARN_OBJC_IMPLICIT_RETAIN_SELF = YES;
				CLANG_WARN_OBJC_LITERAL_CONVERSION = YES;
				CLANG_WARN_OBJC_ROOT_CLASS = YES_ERROR;
				CLANG_WARN_QUOTED_INCLUDE_IN_FRAMEWORK_HEADER = YES;
				CLANG_WARN_RANGE_LOOP_ANALYSIS = YES;
				CLANG_WARN_STRICT_PROTOTYPES = YES;
				CLANG_WARN_SUSPICIOUS_MOVE = YES;
				CLANG_WARN_UNGUARDED_AVAILABILITY = YES_AGGRESSIVE;
				CLANG_WARN_UNREACHABLE_CODE = YES;
				CLANG_WARN__DUPLICATE_METHOD_MATCH = YES;
				COPY_PHASE_STRIP = NO;
				DEBUG_INFORMATION_FORMAT = dwarf;
				ENABLE_STRICT_OBJC_MSGSEND = YES;
				ENABLE_TESTABILITY = YES;
				GCC_C_LANGUAGE_STANDARD = gnu11;
				GCC_DYNAMIC_NO_PIC = NO;
				GCC_NO_COMMON_BLOCKS = YES;
				GCC_OPTIMIZATION_LEVEL = 0;
				GCC_PREPROCESSOR_DEFINITIONS = (
					"DEBUG=1",
					"$(inherited)",
				);
				GCC_WARN_64_TO_32_BIT_CONVERSION = YES;
				GCC_WARN_ABOUT_RETURN_TYPE = YES_ERROR;
				GCC_WARN_UNDECLARED_SELECTOR = YES;
				GCC_WARN_UNINITIALIZED_AUTOS = YES_AGGRESSIVE;
				GCC_WARN_UNUSED_FUNCTION = YES;
				GCC_WARN_UNUSED_VARIABLE = YES;
				IPHONEOS_DEPLOYMENT_TARGET = 14.4;
				MTL_ENABLE_DEBUG_INFO = INCLUDE_SOURCE;
				MTL_FAST_MATH = YES;
				ONLY_ACTIVE_ARCH = YES;
				SDKROOT = iphoneos;
			};
			name = Debug;
		};
		033DBFE425D7A8DD00438FAB /* Release */ = {
			isa = XCBuildConfiguration;
			buildSettings = {
				ALWAYS_SEARCH_USER_PATHS = NO;
				CLANG_ANALYZER_NONNULL = YES;
				CLANG_ANALYZER_NUMBER_OBJECT_CONVERSION = YES_AGGRESSIVE;
				CLANG_CXX_LANGUAGE_STANDARD = "gnu++14";
				CLANG_CXX_LIBRARY = "libc++";
				CLANG_ENABLE_MODULES = YES;
				CLANG_ENABLE_OBJC_ARC = YES;
				CLANG_ENABLE_OBJC_WEAK = YES;
				CLANG_WARN_BLOCK_CAPTURE_AUTORELEASING = YES;
				CLANG_WARN_BOOL_CONVERSION = YES;
				CLANG_WARN_COMMA = YES;
				CLANG_WARN_CONSTANT_CONVERSION = YES;
				CLANG_WARN_DEPRECATED_OBJC_IMPLEMENTATIONS = YES;
				CLANG_WARN_DIRECT_OBJC_ISA_USAGE = YES_ERROR;
				CLANG_WARN_DOCUMENTATION_COMMENTS = YES;
				CLANG_WARN_EMPTY_BODY = YES;
				CLANG_WARN_ENUM_CONVERSION = YES;
				CLANG_WARN_INFINITE_RECURSION = YES;
				CLANG_WARN_INT_CONVERSION = YES;
				CLANG_WARN_NON_LITERAL_NULL_CONVERSION = YES;
				CLANG_WARN_OBJC_IMPLICIT_RETAIN_SELF = YES;
				CLANG_WARN_OBJC_LITERAL_CONVERSION = YES;
				CLANG_WARN_OBJC_ROOT_CLASS = YES_ERROR;
				CLANG_WARN_QUOTED_INCLUDE_IN_FRAMEWORK_HEADER = YES;
				CLANG_WARN_RANGE_LOOP_ANALYSIS = YES;
				CLANG_WARN_STRICT_PROTOTYPES = YES;
				CLANG_WARN_SUSPICIOUS_MOVE = YES;
				CLANG_WARN_UNGUARDED_AVAILABILITY = YES_AGGRESSIVE;
				CLANG_WARN_UNREACHABLE_CODE = YES;
				CLANG_WARN__DUPLICATE_METHOD_MATCH = YES;
				COPY_PHASE_STRIP = NO;
				DEBUG_INFORMATION_FORMAT = "dwarf-with-dsym";
				ENABLE_NS_ASSERTIONS = NO;
				ENABLE_STRICT_OBJC_MSGSEND = YES;
				GCC_C_LANGUAGE_STANDARD = gnu11;
				GCC_NO_COMMON_BLOCKS = YES;
				GCC_WARN_64_TO_32_BIT_CONVERSION = YES;
				GCC_WARN_ABOUT_RETURN_TYPE = YES_ERROR;
				GCC_WARN_UNDECLARED_SELECTOR = YES;
				GCC_WARN_UNINITIALIZED_AUTOS = YES_AGGRESSIVE;
				GCC_WARN_UNUSED_FUNCTION = YES;
				GCC_WARN_UNUSED_VARIABLE = YES;
				IPHONEOS_DEPLOYMENT_TARGET = 14.4;
				MTL_ENABLE_DEBUG_INFO = NO;
				MTL_FAST_MATH = YES;
				SDKROOT = iphoneos;
				VALIDATE_PRODUCT = YES;
			};
			name = Release;
		};
		033DBFE625D7A8DD00438FAB /* Debug */ = {
			isa = XCBuildConfiguration;
			baseConfigurationReference = D31D9954FFCD258D8C2DB280 /* Pods-testSDWebImage.debug.xcconfig */;
			buildSettings = {
				ASSETCATALOG_COMPILER_APPICON_NAME = AppIcon;
				ASSETCATALOG_COMPILER_GLOBAL_ACCENT_COLOR_NAME = AccentColor;
				CODE_SIGN_STYLE = Automatic;
				INFOPLIST_FILE = testSDWebImage/Info.plist;
				LD_RUNPATH_SEARCH_PATHS = (
					"$(inherited)",
					"@executable_path/Frameworks",
				);
				PRODUCT_BUNDLE_IDENTIFIER = Tencent.testSDWebImage;
				PRODUCT_NAME = "$(TARGET_NAME)";
				TARGETED_DEVICE_FAMILY = "1,2";
			};
			name = Debug;
		};
		033DBFE725D7A8DD00438FAB /* Release */ = {
			isa = XCBuildConfiguration;
			baseConfigurationReference = ED002FC9B9F57FE5CBA814A3 /* Pods-testSDWebImage.release.xcconfig */;
			buildSettings = {
				ASSETCATALOG_COMPILER_APPICON_NAME = AppIcon;
				ASSETCATALOG_COMPILER_GLOBAL_ACCENT_COLOR_NAME = AccentColor;
				CODE_SIGN_STYLE = Automatic;
				INFOPLIST_FILE = testSDWebImage/Info.plist;
				LD_RUNPATH_SEARCH_PATHS = (
					"$(inherited)",
					"@executable_path/Frameworks",
				);
				PRODUCT_BUNDLE_IDENTIFIER = Tencent.testSDWebImage;
				PRODUCT_NAME = "$(TARGET_NAME)";
				TARGETED_DEVICE_FAMILY = "1,2";
			};
			name = Release;
		};
		033DBFE925D7A8DD00438FAB /* Debug */ = {
			isa = XCBuildConfiguration;
			buildSettings = {
				BUNDLE_LOADER = "$(TEST_HOST)";
				CODE_SIGN_STYLE = Automatic;
				INFOPLIST_FILE = testSDWebImageTests/Info.plist;
				IPHONEOS_DEPLOYMENT_TARGET = 14.4;
				LD_RUNPATH_SEARCH_PATHS = (
					"$(inherited)",
					"@executable_path/Frameworks",
					"@loader_path/Frameworks",
				);
				PRODUCT_BUNDLE_IDENTIFIER = Tencent.testSDWebImageTests;
				PRODUCT_NAME = "$(TARGET_NAME)";
				TARGETED_DEVICE_FAMILY = "1,2";
				TEST_HOST = "$(BUILT_PRODUCTS_DIR)/testSDWebImage.app/testSDWebImage";
			};
			name = Debug;
		};
		033DBFEA25D7A8DD00438FAB /* Release */ = {
			isa = XCBuildConfiguration;
			buildSettings = {
				BUNDLE_LOADER = "$(TEST_HOST)";
				CODE_SIGN_STYLE = Automatic;
				INFOPLIST_FILE = testSDWebImageTests/Info.plist;
				IPHONEOS_DEPLOYMENT_TARGET = 14.4;
				LD_RUNPATH_SEARCH_PATHS = (
					"$(inherited)",
					"@executable_path/Frameworks",
					"@loader_path/Frameworks",
				);
				PRODUCT_BUNDLE_IDENTIFIER = Tencent.testSDWebImageTests;
				PRODUCT_NAME = "$(TARGET_NAME)";
				TARGETED_DEVICE_FAMILY = "1,2";
				TEST_HOST = "$(BUILT_PRODUCTS_DIR)/testSDWebImage.app/testSDWebImage";
			};
			name = Release;
		};
		033DBFEC25D7A8DD00438FAB /* Debug */ = {
			isa = XCBuildConfiguration;
			buildSettings = {
				CODE_SIGN_STYLE = Automatic;
				INFOPLIST_FILE = testSDWebImageUITests/Info.plist;
				LD_RUNPATH_SEARCH_PATHS = (
					"$(inherited)",
					"@executable_path/Frameworks",
					"@loader_path/Frameworks",
				);
				PRODUCT_BUNDLE_IDENTIFIER = Tencent.testSDWebImageUITests;
				PRODUCT_NAME = "$(TARGET_NAME)";
				TARGETED_DEVICE_FAMILY = "1,2";
				TEST_TARGET_NAME = testSDWebImage;
			};
			name = Debug;
		};
		033DBFED25D7A8DD00438FAB /* Release */ = {
			isa = XCBuildConfiguration;
			buildSettings = {
				CODE_SIGN_STYLE = Automatic;
				INFOPLIST_FILE = testSDWebImageUITests/Info.plist;
				LD_RUNPATH_SEARCH_PATHS = (
					"$(inherited)",
					"@executable_path/Frameworks",
					"@loader_path/Frameworks",
				);
				PRODUCT_BUNDLE_IDENTIFIER = Tencent.testSDWebImageUITests;
				PRODUCT_NAME = "$(TARGET_NAME)";
				TARGETED_DEVICE_FAMILY = "1,2";
				TEST_TARGET_NAME = testSDWebImage;
			};
			name = Release;
		};
/* End XCBuildConfiguration section */

/* Begin XCConfigurationList section */
		033DBFB125D7A8DB00438FAB /* Build configuration list for PBXProject "testSDWebImage" */ = {
			isa = XCConfigurationList;
			buildConfigurations = (
				033DBFE325D7A8DD00438FAB /* Debug */,
				033DBFE425D7A8DD00438FAB /* Release */,
			);
			defaultConfigurationIsVisible = 0;
			defaultConfigurationName = Release;
		};
		033DBFE525D7A8DD00438FAB /* Build configuration list for PBXNativeTarget "testSDWebImage" */ = {
			isa = XCConfigurationList;
			buildConfigurations = (
				033DBFE625D7A8DD00438FAB /* Debug */,
				033DBFE725D7A8DD00438FAB /* Release */,
			);
			defaultConfigurationIsVisible = 0;
			defaultConfigurationName = Release;
		};
		033DBFE825D7A8DD00438FAB /* Build configuration list for PBXNativeTarget "testSDWebImageTests" */ = {
			isa = XCConfigurationList;
			buildConfigurations = (
				033DBFE925D7A8DD00438FAB /* Debug */,
				033DBFEA25D7A8DD00438FAB /* Release */,
			);
			defaultConfigurationIsVisible = 0;
			defaultConfigurationName = Release;
		};
		033DBFEB25D7A8DD00438FAB /* Build configuration list for PBXNativeTarget "testSDWebImageUITests" */ = {
			isa = XCConfigurationList;
			buildConfigurations = (
				033DBFEC25D7A8DD00438FAB /* Debug */,
				033DBFED25D7A8DD00438FAB /* Release */,
			);
			defaultConfigurationIsVisible = 0;
			defaultConfigurationName = Release;
		};
/* End XCConfigurationList section */
	};
	rootObject = 033DBFAE25D7A8DB00438FAB /* Project object */;
}
